// !$*UTF8*$!
{
	archiveVersion = 1;
	classes = {
	};
	objectVersion = 46;
	objects = {

/* Begin PBXBuildFile section */
		4C0054851CC175C500F2AB59 /* AppDelegate.swift in Sources */ = {isa = PBXBuildFile; fileRef = 4C0054841CC175C500F2AB59 /* AppDelegate.swift */; };
		4C0054871CC175C500F2AB59 /* ViewController.swift in Sources */ = {isa = PBXBuildFile; fileRef = 4C0054861CC175C500F2AB59 /* ViewController.swift */; };
		4C00548C1CC175C500F2AB59 /* Assets.xcassets in Resources */ = {isa = PBXBuildFile; fileRef = 4C00548B1CC175C500F2AB59 /* Assets.xcassets */; };
		4C00548F1CC175C500F2AB59 /* LaunchScreen.storyboard in Resources */ = {isa = PBXBuildFile; fileRef = 4C00548D1CC175C500F2AB59 /* LaunchScreen.storyboard */; };
		4C00549A1CC175C500F2AB59 /* TextKitTutorialTests.swift in Sources */ = {isa = PBXBuildFile; fileRef = 4C0054991CC175C500F2AB59 /* TextKitTutorialTests.swift */; };
		4C0054A51CC175C500F2AB59 /* TextKitTutorialUITests.swift in Sources */ = {isa = PBXBuildFile; fileRef = 4C0054A41CC175C500F2AB59 /* TextKitTutorialUITests.swift */; };
		4C0054B71CC533E500F2AB59 /* DataType.swift in Sources */ = {isa = PBXBuildFile; fileRef = 4C0054B31CC533E500F2AB59 /* DataType.swift */; };
		4C0054B81CC533E500F2AB59 /* Handler.swift in Sources */ = {isa = PBXBuildFile; fileRef = 4C0054B41CC533E500F2AB59 /* Handler.swift */; };
		4C0054B91CC533E500F2AB59 /* TextStorage.swift in Sources */ = {isa = PBXBuildFile; fileRef = 4C0054B51CC533E500F2AB59 /* TextStorage.swift */; };
		4C0054BA1CC533E500F2AB59 /* TextView.swift in Sources */ = {isa = PBXBuildFile; fileRef = 4C0054B61CC533E500F2AB59 /* TextView.swift */; };
		4C0054BC1CC5352200F2AB59 /* BaseTableView.swift in Sources */ = {isa = PBXBuildFile; fileRef = 4C0054BB1CC5352200F2AB59 /* BaseTableView.swift */; };
		4C0054BF1CC5354A00F2AB59 /* BaseCell.swift in Sources */ = {isa = PBXBuildFile; fileRef = 4C0054BE1CC5354A00F2AB59 /* BaseCell.swift */; };
		4C0054C21CC681F400F2AB59 /* DiscourseOne.html in Resources */ = {isa = PBXBuildFile; fileRef = 4C0054C11CC681F400F2AB59 /* DiscourseOne.html */; };
		4C0054C41CC6828300F2AB59 /* HelperFunctions.swift in Sources */ = {isa = PBXBuildFile; fileRef = 4C0054C31CC6828300F2AB59 /* HelperFunctions.swift */; };
		4C0054C61CC6D6CF00F2AB59 /* EnlargedImage.swift in Sources */ = {isa = PBXBuildFile; fileRef = 4C0054C51CC6D6CF00F2AB59 /* EnlargedImage.swift */; };
		4CA6667F1CC9101200ECC1AE /* DiscourseTwo.html in Resources */ = {isa = PBXBuildFile; fileRef = 4CA6667E1CC9101200ECC1AE /* DiscourseTwo.html */; };
		4CA666811CC9578600ECC1AE /* ImageLoader.swift in Sources */ = {isa = PBXBuildFile; fileRef = 4CA666801CC9578600ECC1AE /* ImageLoader.swift */; };
		67024DC0783D7565D8548C39 /* Pods_TextKitTutorial.framework in Frameworks */ = {isa = PBXBuildFile; fileRef = F48AFD5C1D70186FCD705AD9 /* Pods_TextKitTutorial.framework */; };
/* End PBXBuildFile section */

/* Begin PBXContainerItemProxy section */
		4C0054961CC175C500F2AB59 /* PBXContainerItemProxy */ = {
			isa = PBXContainerItemProxy;
			containerPortal = 4C0054791CC175C500F2AB59 /* Project object */;
			proxyType = 1;
			remoteGlobalIDString = 4C0054801CC175C500F2AB59;
			remoteInfo = TextKitTutorial;
		};
		4C0054A11CC175C500F2AB59 /* PBXContainerItemProxy */ = {
			isa = PBXContainerItemProxy;
			containerPortal = 4C0054791CC175C500F2AB59 /* Project object */;
			proxyType = 1;
			remoteGlobalIDString = 4C0054801CC175C500F2AB59;
			remoteInfo = TextKitTutorial;
		};
/* End PBXContainerItemProxy section */

/* Begin PBXFileReference section */
		3747452398459F983AA5B528 /* Pods-TextKitTutorial.release.xcconfig */ = {isa = PBXFileReference; includeInIndex = 1; lastKnownFileType = text.xcconfig; name = "Pods-TextKitTutorial.release.xcconfig"; path = "Pods/Target Support Files/Pods-TextKitTutorial/Pods-TextKitTutorial.release.xcconfig"; sourceTree = "<group>"; };
		4C0054811CC175C500F2AB59 /* TextKitTutorial.app */ = {isa = PBXFileReference; explicitFileType = wrapper.application; includeInIndex = 0; path = TextKitTutorial.app; sourceTree = BUILT_PRODUCTS_DIR; };
		4C0054841CC175C500F2AB59 /* AppDelegate.swift */ = {isa = PBXFileReference; lastKnownFileType = sourcecode.swift; path = AppDelegate.swift; sourceTree = "<group>"; };
		4C0054861CC175C500F2AB59 /* ViewController.swift */ = {isa = PBXFileReference; lastKnownFileType = sourcecode.swift; path = ViewController.swift; sourceTree = "<group>"; };
		4C00548B1CC175C500F2AB59 /* Assets.xcassets */ = {isa = PBXFileReference; lastKnownFileType = folder.assetcatalog; path = Assets.xcassets; sourceTree = "<group>"; };
		4C00548E1CC175C500F2AB59 /* Base */ = {isa = PBXFileReference; lastKnownFileType = file.storyboard; name = Base; path = Base.lproj/LaunchScreen.storyboard; sourceTree = "<group>"; };
		4C0054901CC175C500F2AB59 /* Info.plist */ = {isa = PBXFileReference; lastKnownFileType = text.plist.xml; path = Info.plist; sourceTree = "<group>"; };
		4C0054951CC175C500F2AB59 /* TextKitTutorialTests.xctest */ = {isa = PBXFileReference; explicitFileType = wrapper.cfbundle; includeInIndex = 0; path = TextKitTutorialTests.xctest; sourceTree = BUILT_PRODUCTS_DIR; };
		4C0054991CC175C500F2AB59 /* TextKitTutorialTests.swift */ = {isa = PBXFileReference; lastKnownFileType = sourcecode.swift; path = TextKitTutorialTests.swift; sourceTree = "<group>"; };
		4C00549B1CC175C500F2AB59 /* Info.plist */ = {isa = PBXFileReference; lastKnownFileType = text.plist.xml; path = Info.plist; sourceTree = "<group>"; };
		4C0054A01CC175C500F2AB59 /* TextKitTutorialUITests.xctest */ = {isa = PBXFileReference; explicitFileType = wrapper.cfbundle; includeInIndex = 0; path = TextKitTutorialUITests.xctest; sourceTree = BUILT_PRODUCTS_DIR; };
		4C0054A41CC175C500F2AB59 /* TextKitTutorialUITests.swift */ = {isa = PBXFileReference; lastKnownFileType = sourcecode.swift; path = TextKitTutorialUITests.swift; sourceTree = "<group>"; };
		4C0054A61CC175C500F2AB59 /* Info.plist */ = {isa = PBXFileReference; lastKnownFileType = text.plist.xml; path = Info.plist; sourceTree = "<group>"; };
		4C0054B31CC533E500F2AB59 /* DataType.swift */ = {isa = PBXFileReference; fileEncoding = 4; lastKnownFileType = sourcecode.swift; path = DataType.swift; sourceTree = "<group>"; };
		4C0054B41CC533E500F2AB59 /* Handler.swift */ = {isa = PBXFileReference; fileEncoding = 4; lastKnownFileType = sourcecode.swift; path = Handler.swift; sourceTree = "<group>"; };
		4C0054B51CC533E500F2AB59 /* TextStorage.swift */ = {isa = PBXFileReference; fileEncoding = 4; lastKnownFileType = sourcecode.swift; path = TextStorage.swift; sourceTree = "<group>"; };
		4C0054B61CC533E500F2AB59 /* TextView.swift */ = {isa = PBXFileReference; fileEncoding = 4; lastKnownFileType = sourcecode.swift; path = TextView.swift; sourceTree = "<group>"; };
		4C0054BB1CC5352200F2AB59 /* BaseTableView.swift */ = {isa = PBXFileReference; fileEncoding = 4; lastKnownFileType = sourcecode.swift; path = BaseTableView.swift; sourceTree = "<group>"; };
		4C0054BE1CC5354A00F2AB59 /* BaseCell.swift */ = {isa = PBXFileReference; fileEncoding = 4; lastKnownFileType = sourcecode.swift; path = BaseCell.swift; sourceTree = "<group>"; };
		4C0054C11CC681F400F2AB59 /* DiscourseOne.html */ = {isa = PBXFileReference; fileEncoding = 4; lastKnownFileType = text.html; path = DiscourseOne.html; sourceTree = "<group>"; };
		4C0054C31CC6828300F2AB59 /* HelperFunctions.swift */ = {isa = PBXFileReference; fileEncoding = 4; lastKnownFileType = sourcecode.swift; path = HelperFunctions.swift; sourceTree = "<group>"; };
		4C0054C51CC6D6CF00F2AB59 /* EnlargedImage.swift */ = {isa = PBXFileReference; fileEncoding = 4; lastKnownFileType = sourcecode.swift; path = EnlargedImage.swift; sourceTree = "<group>"; };
		4C0054C71CC819D100F2AB59 /* TextKitTutorialBridgingHeader.h */ = {isa = PBXFileReference; lastKnownFileType = sourcecode.c.h; path = TextKitTutorialBridgingHeader.h; sourceTree = "<group>"; };
		4CA6667E1CC9101200ECC1AE /* DiscourseTwo.html */ = {isa = PBXFileReference; fileEncoding = 4; lastKnownFileType = text.html; path = DiscourseTwo.html; sourceTree = "<group>"; };
		4CA666801CC9578600ECC1AE /* ImageLoader.swift */ = {isa = PBXFileReference; fileEncoding = 4; lastKnownFileType = sourcecode.swift; path = ImageLoader.swift; sourceTree = "<group>"; };
		B8AD3849D01CD3E97F620C67 /* Pods-TextKitTutorial.debug.xcconfig */ = {isa = PBXFileReference; includeInIndex = 1; lastKnownFileType = text.xcconfig; name = "Pods-TextKitTutorial.debug.xcconfig"; path = "Pods/Target Support Files/Pods-TextKitTutorial/Pods-TextKitTutorial.debug.xcconfig"; sourceTree = "<group>"; };
		F48AFD5C1D70186FCD705AD9 /* Pods_TextKitTutorial.framework */ = {isa = PBXFileReference; explicitFileType = wrapper.framework; includeInIndex = 0; path = Pods_TextKitTutorial.framework; sourceTree = BUILT_PRODUCTS_DIR; };
/* End PBXFileReference section */

/* Begin PBXFrameworksBuildPhase section */
		4C00547E1CC175C500F2AB59 /* Frameworks */ = {
			isa = PBXFrameworksBuildPhase;
			buildActionMask = 2147483647;
			files = (
				67024DC0783D7565D8548C39 /* Pods_TextKitTutorial.framework in Frameworks */,
			);
			runOnlyForDeploymentPostprocessing = 0;
		};
		4C0054921CC175C500F2AB59 /* Frameworks */ = {
			isa = PBXFrameworksBuildPhase;
			buildActionMask = 2147483647;
			files = (
			);
			runOnlyForDeploymentPostprocessing = 0;
		};
		4C00549D1CC175C500F2AB59 /* Frameworks */ = {
			isa = PBXFrameworksBuildPhase;
			buildActionMask = 2147483647;
			files = (
			);
			runOnlyForDeploymentPostprocessing = 0;
		};
/* End PBXFrameworksBuildPhase section */

/* Begin PBXGroup section */
		35CA4296390E21F8017C701F /* Pods */ = {
			isa = PBXGroup;
			children = (
				B8AD3849D01CD3E97F620C67 /* Pods-TextKitTutorial.debug.xcconfig */,
				3747452398459F983AA5B528 /* Pods-TextKitTutorial.release.xcconfig */,
			);
			name = Pods;
			sourceTree = "<group>";
		};
		45934700D1B35D1A53C4049E /* Frameworks */ = {
			isa = PBXGroup;
			children = (
				F48AFD5C1D70186FCD705AD9 /* Pods_TextKitTutorial.framework */,
			);
			name = Frameworks;
			sourceTree = "<group>";
		};
		4C0054781CC175C500F2AB59 = {
			isa = PBXGroup;
			children = (
				4C0054831CC175C500F2AB59 /* TextKitTutorial */,
				4C0054981CC175C500F2AB59 /* TextKitTutorialTests */,
				4C0054A31CC175C500F2AB59 /* TextKitTutorialUITests */,
				4C0054821CC175C500F2AB59 /* Products */,
				35CA4296390E21F8017C701F /* Pods */,
				45934700D1B35D1A53C4049E /* Frameworks */,
			);
			sourceTree = "<group>";
		};
		4C0054821CC175C500F2AB59 /* Products */ = {
			isa = PBXGroup;
			children = (
				4C0054811CC175C500F2AB59 /* TextKitTutorial.app */,
				4C0054951CC175C500F2AB59 /* TextKitTutorialTests.xctest */,
				4C0054A01CC175C500F2AB59 /* TextKitTutorialUITests.xctest */,
			);
			name = Products;
			sourceTree = "<group>";
		};
		4C0054831CC175C500F2AB59 /* TextKitTutorial */ = {
			isa = PBXGroup;
			children = (
				4C0054C01CC681DB00F2AB59 /* SampleHTML */,
				4C0054BD1CC5353700F2AB59 /* TableView */,
				4C0054B21CC532BA00F2AB59 /* WWTextView */,
				4C0054841CC175C500F2AB59 /* AppDelegate.swift */,
				4C0054861CC175C500F2AB59 /* ViewController.swift */,
				4C00548B1CC175C500F2AB59 /* Assets.xcassets */,
				4C00548D1CC175C500F2AB59 /* LaunchScreen.storyboard */,
				4C0054901CC175C500F2AB59 /* Info.plist */,
				4C0054C31CC6828300F2AB59 /* HelperFunctions.swift */,
				4C0054C51CC6D6CF00F2AB59 /* EnlargedImage.swift */,
				4C0054C71CC819D100F2AB59 /* TextKitTutorialBridgingHeader.h */,
				4CA666801CC9578600ECC1AE /* ImageLoader.swift */,
			);
			path = TextKitTutorial;
			sourceTree = "<group>";
		};
		4C0054981CC175C500F2AB59 /* TextKitTutorialTests */ = {
			isa = PBXGroup;
			children = (
				4C0054991CC175C500F2AB59 /* TextKitTutorialTests.swift */,
				4C00549B1CC175C500F2AB59 /* Info.plist */,
			);
			path = TextKitTutorialTests;
			sourceTree = "<group>";
		};
		4C0054A31CC175C500F2AB59 /* TextKitTutorialUITests */ = {
			isa = PBXGroup;
			children = (
				4C0054A41CC175C500F2AB59 /* TextKitTutorialUITests.swift */,
				4C0054A61CC175C500F2AB59 /* Info.plist */,
			);
			path = TextKitTutorialUITests;
			sourceTree = "<group>";
		};
		4C0054B21CC532BA00F2AB59 /* WWTextView */ = {
			isa = PBXGroup;
			children = (
				4C0054B31CC533E500F2AB59 /* DataType.swift */,
				4C0054B41CC533E500F2AB59 /* Handler.swift */,
				4C0054B51CC533E500F2AB59 /* TextStorage.swift */,
				4C0054B61CC533E500F2AB59 /* TextView.swift */,
			);
			name = WWTextView;
			sourceTree = "<group>";
		};
		4C0054BD1CC5353700F2AB59 /* TableView */ = {
			isa = PBXGroup;
			children = (
				4C0054BB1CC5352200F2AB59 /* BaseTableView.swift */,
				4C0054BE1CC5354A00F2AB59 /* BaseCell.swift */,
			);
			name = TableView;
			sourceTree = "<group>";
		};
		4C0054C01CC681DB00F2AB59 /* SampleHTML */ = {
			isa = PBXGroup;
			children = (
				4C0054C11CC681F400F2AB59 /* DiscourseOne.html */,
				4CA6667E1CC9101200ECC1AE /* DiscourseTwo.html */,
			);
			name = SampleHTML;
			sourceTree = "<group>";
		};
/* End PBXGroup section */

/* Begin PBXNativeTarget section */
		4C0054801CC175C500F2AB59 /* TextKitTutorial */ = {
			isa = PBXNativeTarget;
			buildConfigurationList = 4C0054A91CC175C500F2AB59 /* Build configuration list for PBXNativeTarget "TextKitTutorial" */;
			buildPhases = (
				119A8255E22268965B1FC62E /* Check Pods Manifest.lock */,
				4C00547D1CC175C500F2AB59 /* Sources */,
				4C00547E1CC175C500F2AB59 /* Frameworks */,
				4C00547F1CC175C500F2AB59 /* Resources */,
				8F8D3199869C879B4174DC06 /* Embed Pods Frameworks */,
				452FBE6E5FBFAF2CCE78272A /* Copy Pods Resources */,
			);
			buildRules = (
			);
			dependencies = (
			);
			name = TextKitTutorial;
			productName = TextKitTutorial;
			productReference = 4C0054811CC175C500F2AB59 /* TextKitTutorial.app */;
			productType = "com.apple.product-type.application";
		};
		4C0054941CC175C500F2AB59 /* TextKitTutorialTests */ = {
			isa = PBXNativeTarget;
			buildConfigurationList = 4C0054AC1CC175C500F2AB59 /* Build configuration list for PBXNativeTarget "TextKitTutorialTests" */;
			buildPhases = (
				4C0054911CC175C500F2AB59 /* Sources */,
				4C0054921CC175C500F2AB59 /* Frameworks */,
				4C0054931CC175C500F2AB59 /* Resources */,
			);
			buildRules = (
			);
			dependencies = (
				4C0054971CC175C500F2AB59 /* PBXTargetDependency */,
			);
			name = TextKitTutorialTests;
			productName = TextKitTutorialTests;
			productReference = 4C0054951CC175C500F2AB59 /* TextKitTutorialTests.xctest */;
			productType = "com.apple.product-type.bundle.unit-test";
		};
		4C00549F1CC175C500F2AB59 /* TextKitTutorialUITests */ = {
			isa = PBXNativeTarget;
			buildConfigurationList = 4C0054AF1CC175C500F2AB59 /* Build configuration list for PBXNativeTarget "TextKitTutorialUITests" */;
			buildPhases = (
				4C00549C1CC175C500F2AB59 /* Sources */,
				4C00549D1CC175C500F2AB59 /* Frameworks */,
				4C00549E1CC175C500F2AB59 /* Resources */,
			);
			buildRules = (
			);
			dependencies = (
				4C0054A21CC175C500F2AB59 /* PBXTargetDependency */,
			);
			name = TextKitTutorialUITests;
			productName = TextKitTutorialUITests;
			productReference = 4C0054A01CC175C500F2AB59 /* TextKitTutorialUITests.xctest */;
			productType = "com.apple.product-type.bundle.ui-testing";
		};
/* End PBXNativeTarget section */

/* Begin PBXProject section */
		4C0054791CC175C500F2AB59 /* Project object */ = {
			isa = PBXProject;
			attributes = {
				LastSwiftUpdateCheck = 0730;
				LastUpgradeCheck = 0730;
				ORGANIZATIONNAME = WeddingWire;
				TargetAttributes = {
					4C0054801CC175C500F2AB59 = {
						CreatedOnToolsVersion = 7.3;
					};
					4C0054941CC175C500F2AB59 = {
						CreatedOnToolsVersion = 7.3;
						TestTargetID = 4C0054801CC175C500F2AB59;
					};
					4C00549F1CC175C500F2AB59 = {
						CreatedOnToolsVersion = 7.3;
						TestTargetID = 4C0054801CC175C500F2AB59;
					};
				};
			};
			buildConfigurationList = 4C00547C1CC175C500F2AB59 /* Build configuration list for PBXProject "TextKitTutorial" */;
			compatibilityVersion = "Xcode 3.2";
			developmentRegion = English;
			hasScannedForEncodings = 0;
			knownRegions = (
				en,
				Base,
			);
			mainGroup = 4C0054781CC175C500F2AB59;
			productRefGroup = 4C0054821CC175C500F2AB59 /* Products */;
			projectDirPath = "";
			projectRoot = "";
			targets = (
				4C0054801CC175C500F2AB59 /* TextKitTutorial */,
				4C0054941CC175C500F2AB59 /* TextKitTutorialTests */,
				4C00549F1CC175C500F2AB59 /* TextKitTutorialUITests */,
			);
		};
/* End PBXProject section */

/* Begin PBXResourcesBuildPhase section */
		4C00547F1CC175C500F2AB59 /* Resources */ = {
			isa = PBXResourcesBuildPhase;
			buildActionMask = 2147483647;
			files = (
				4C00548F1CC175C500F2AB59 /* LaunchScreen.storyboard in Resources */,
				4C0054C21CC681F400F2AB59 /* DiscourseOne.html in Resources */,
				4C00548C1CC175C500F2AB59 /* Assets.xcassets in Resources */,
				4CA6667F1CC9101200ECC1AE /* DiscourseTwo.html in Resources */,
			);
			runOnlyForDeploymentPostprocessing = 0;
		};
		4C0054931CC175C500F2AB59 /* Resources */ = {
			isa = PBXResourcesBuildPhase;
			buildActionMask = 2147483647;
			files = (
			);
			runOnlyForDeploymentPostprocessing = 0;
		};
		4C00549E1CC175C500F2AB59 /* Resources */ = {
			isa = PBXResourcesBuildPhase;
			buildActionMask = 2147483647;
			files = (
			);
			runOnlyForDeploymentPostprocessing = 0;
		};
/* End PBXResourcesBuildPhase section */

/* Begin PBXShellScriptBuildPhase section */
		119A8255E22268965B1FC62E /* Check Pods Manifest.lock */ = {
			isa = PBXShellScriptBuildPhase;
			buildActionMask = 2147483647;
			files = (
			);
			inputPaths = (
			);
			name = "Check Pods Manifest.lock";
			outputPaths = (
			);
			runOnlyForDeploymentPostprocessing = 0;
			shellPath = /bin/sh;
			shellScript = "diff \"${PODS_ROOT}/../Podfile.lock\" \"${PODS_ROOT}/Manifest.lock\" > /dev/null\nif [[ $? != 0 ]] ; then\n    cat << EOM\nerror: The sandbox is not in sync with the Podfile.lock. Run 'pod install' or update your CocoaPods installation.\nEOM\n    exit 1\nfi\n";
			showEnvVarsInLog = 0;
		};
		452FBE6E5FBFAF2CCE78272A /* Copy Pods Resources */ = {
			isa = PBXShellScriptBuildPhase;
			buildActionMask = 2147483647;
			files = (
			);
			inputPaths = (
			);
			name = "Copy Pods Resources";
			outputPaths = (
			);
			runOnlyForDeploymentPostprocessing = 0;
			shellPath = /bin/sh;
			shellScript = "\"${SRCROOT}/Pods/Target Support Files/Pods-TextKitTutorial/Pods-TextKitTutorial-resources.sh\"\n";
			showEnvVarsInLog = 0;
		};
		8F8D3199869C879B4174DC06 /* Embed Pods Frameworks */ = {
			isa = PBXShellScriptBuildPhase;
			buildActionMask = 2147483647;
			files = (
			);
			inputPaths = (
			);
			name = "Embed Pods Frameworks";
			outputPaths = (
			);
			runOnlyForDeploymentPostprocessing = 0;
			shellPath = /bin/sh;
			shellScript = "\"${SRCROOT}/Pods/Target Support Files/Pods-TextKitTutorial/Pods-TextKitTutorial-frameworks.sh\"\n";
			showEnvVarsInLog = 0;
		};
/* End PBXShellScriptBuildPhase section */

/* Begin PBXSourcesBuildPhase section */
		4C00547D1CC175C500F2AB59 /* Sources */ = {
			isa = PBXSourcesBuildPhase;
			buildActionMask = 2147483647;
			files = (
				4C0054871CC175C500F2AB59 /* ViewController.swift in Sources */,
				4C0054BC1CC5352200F2AB59 /* BaseTableView.swift in Sources */,
				4C0054B71CC533E500F2AB59 /* DataType.swift in Sources */,
				4C0054B81CC533E500F2AB59 /* Handler.swift in Sources */,
				4C0054BF1CC5354A00F2AB59 /* BaseCell.swift in Sources */,
				4CA666811CC9578600ECC1AE /* ImageLoader.swift in Sources */,
				4C0054BA1CC533E500F2AB59 /* TextView.swift in Sources */,
				4C0054B91CC533E500F2AB59 /* TextStorage.swift in Sources */,
				4C0054C61CC6D6CF00F2AB59 /* EnlargedImage.swift in Sources */,
				4C0054851CC175C500F2AB59 /* AppDelegate.swift in Sources */,
				4C0054C41CC6828300F2AB59 /* HelperFunctions.swift in Sources */,
			);
			runOnlyForDeploymentPostprocessing = 0;
		};
		4C0054911CC175C500F2AB59 /* Sources */ = {
			isa = PBXSourcesBuildPhase;
			buildActionMask = 2147483647;
			files = (
				4C00549A1CC175C500F2AB59 /* TextKitTutorialTests.swift in Sources */,
			);
			runOnlyForDeploymentPostprocessing = 0;
		};
		4C00549C1CC175C500F2AB59 /* Sources */ = {
			isa = PBXSourcesBuildPhase;
			buildActionMask = 2147483647;
			files = (
				4C0054A51CC175C500F2AB59 /* TextKitTutorialUITests.swift in Sources */,
			);
			runOnlyForDeploymentPostprocessing = 0;
		};
/* End PBXSourcesBuildPhase section */

/* Begin PBXTargetDependency section */
		4C0054971CC175C500F2AB59 /* PBXTargetDependency */ = {
			isa = PBXTargetDependency;
			target = 4C0054801CC175C500F2AB59 /* TextKitTutorial */;
			targetProxy = 4C0054961CC175C500F2AB59 /* PBXContainerItemProxy */;
		};
		4C0054A21CC175C500F2AB59 /* PBXTargetDependency */ = {
			isa = PBXTargetDependency;
			target = 4C0054801CC175C500F2AB59 /* TextKitTutorial */;
			targetProxy = 4C0054A11CC175C500F2AB59 /* PBXContainerItemProxy */;
		};
/* End PBXTargetDependency section */

/* Begin PBXVariantGroup section */
		4C00548D1CC175C500F2AB59 /* LaunchScreen.storyboard */ = {
			isa = PBXVariantGroup;
			children = (
				4C00548E1CC175C500F2AB59 /* Base */,
			);
			name = LaunchScreen.storyboard;
			sourceTree = "<group>";
		};
/* End PBXVariantGroup section */

/* Begin XCBuildConfiguration section */
		4C0054A71CC175C500F2AB59 /* Debug */ = {
			isa = XCBuildConfiguration;
			buildSettings = {
				ALWAYS_SEARCH_USER_PATHS = NO;
				CLANG_ANALYZER_NONNULL = YES;
				CLANG_CXX_LANGUAGE_STANDARD = "gnu++0x";
				CLANG_CXX_LIBRARY = "libc++";
				CLANG_ENABLE_MODULES = YES;
				CLANG_ENABLE_OBJC_ARC = YES;
				CLANG_WARN_BOOL_CONVERSION = YES;
				CLANG_WARN_CONSTANT_CONVERSION = YES;
				CLANG_WARN_DIRECT_OBJC_ISA_USAGE = YES_ERROR;
				CLANG_WARN_EMPTY_BODY = YES;
				CLANG_WARN_ENUM_CONVERSION = YES;
				CLANG_WARN_INT_CONVERSION = YES;
				CLANG_WARN_OBJC_ROOT_CLASS = YES_ERROR;
				CLANG_WARN_UNREACHABLE_CODE = YES;
				CLANG_WARN__DUPLICATE_METHOD_MATCH = YES;
				"CODE_SIGN_IDENTITY[sdk=iphoneos*]" = "iPhone Developer";
				COPY_PHASE_STRIP = NO;
				DEBUG_INFORMATION_FORMAT = dwarf;
				ENABLE_STRICT_OBJC_MSGSEND = YES;
				ENABLE_TESTABILITY = YES;
				GCC_C_LANGUAGE_STANDARD = gnu99;
				GCC_DYNAMIC_NO_PIC = NO;
				GCC_NO_COMMON_BLOCKS = YES;
				GCC_OPTIMIZATION_LEVEL = 0;
				GCC_PREPROCESSOR_DEFINITIONS = (
					"DEBUG=1",
					"$(inherited)",
				);
				GCC_WARN_64_TO_32_BIT_CONVERSION = YES;
				GCC_WARN_ABOUT_RETURN_TYPE = YES_ERROR;
				GCC_WARN_UNDECLARED_SELECTOR = YES;
				GCC_WARN_UNINITIALIZED_AUTOS = YES_AGGRESSIVE;
				GCC_WARN_UNUSED_FUNCTION = YES;
				GCC_WARN_UNUSED_VARIABLE = YES;
				IPHONEOS_DEPLOYMENT_TARGET = 9.3;
				MTL_ENABLE_DEBUG_INFO = YES;
				ONLY_ACTIVE_ARCH = YES;
				SDKROOT = iphoneos;
				SWIFT_OPTIMIZATION_LEVEL = "-Onone";
			};
			name = Debug;
		};
		4C0054A81CC175C500F2AB59 /* Release */ = {
			isa = XCBuildConfiguration;
			buildSettings = {
				ALWAYS_SEARCH_USER_PATHS = NO;
				CLANG_ANALYZER_NONNULL = YES;
				CLANG_CXX_LANGUAGE_STANDARD = "gnu++0x";
				CLANG_CXX_LIBRARY = "libc++";
				CLANG_ENABLE_MODULES = YES;
				CLANG_ENABLE_OBJC_ARC = YES;
				CLANG_WARN_BOOL_CONVERSION = YES;
				CLANG_WARN_CONSTANT_CONVERSION = YES;
				CLANG_WARN_DIRECT_OBJC_ISA_USAGE = YES_ERROR;
				CLANG_WARN_EMPTY_BODY = YES;
				CLANG_WARN_ENUM_CONVERSION = YES;
				CLANG_WARN_INT_CONVERSION = YES;
				CLANG_WARN_OBJC_ROOT_CLASS = YES_ERROR;
				CLANG_WARN_UNREACHABLE_CODE = YES;
				CLANG_WARN__DUPLICATE_METHOD_MATCH = YES;
				"CODE_SIGN_IDENTITY[sdk=iphoneos*]" = "iPhone Developer";
				COPY_PHASE_STRIP = NO;
				DEBUG_INFORMATION_FORMAT = "dwarf-with-dsym";
				ENABLE_NS_ASSERTIONS = NO;
				ENABLE_STRICT_OBJC_MSGSEND = YES;
				GCC_C_LANGUAGE_STANDARD = gnu99;
				GCC_NO_COMMON_BLOCKS = YES;
				GCC_WARN_64_TO_32_BIT_CONVERSION = YES;
				GCC_WARN_ABOUT_RETURN_TYPE = YES_ERROR;
				GCC_WARN_UNDECLARED_SELECTOR = YES;
				GCC_WARN_UNINITIALIZED_AUTOS = YES_AGGRESSIVE;
				GCC_WARN_UNUSED_FUNCTION = YES;
				GCC_WARN_UNUSED_VARIABLE = YES;
				IPHONEOS_DEPLOYMENT_TARGET = 9.3;
				MTL_ENABLE_DEBUG_INFO = NO;
				SDKROOT = iphoneos;
				VALIDATE_PRODUCT = YES;
			};
			name = Release;
		};
		4C0054AA1CC175C500F2AB59 /* Debug */ = {
			isa = XCBuildConfiguration;
			baseConfigurationReference = B8AD3849D01CD3E97F620C67 /* Pods-TextKitTutorial.debug.xcconfig */;
			buildSettings = {
				ASSETCATALOG_COMPILER_APPICON_NAME = AppIcon;
				INFOPLIST_FILE = TextKitTutorial/Info.plist;
				LD_RUNPATH_SEARCH_PATHS = "$(inherited) @executable_path/Frameworks";
				PRODUCT_BUNDLE_IDENTIFIER = WeddingWire.TextKitTutorial;
				PRODUCT_NAME = "$(TARGET_NAME)";
				SWIFT_OBJC_BRIDGING_HEADER = TextKitTutorial/TextKitTutorialBridgingHeader.h;
			};
			name = Debug;
		};
		4C0054AB1CC175C500F2AB59 /* Release */ = {
			isa = XCBuildConfiguration;
			baseConfigurationReference = 3747452398459F983AA5B528 /* Pods-TextKitTutorial.release.xcconfig */;
			buildSettings = {
				ASSETCATALOG_COMPILER_APPICON_NAME = AppIcon;
				INFOPLIST_FILE = TextKitTutorial/Info.plist;
				LD_RUNPATH_SEARCH_PATHS = "$(inherited) @executable_path/Frameworks";
				PRODUCT_BUNDLE_IDENTIFIER = WeddingWire.TextKitTutorial;
				PRODUCT_NAME = "$(TARGET_NAME)";
				SWIFT_OBJC_BRIDGING_HEADER = TextKitTutorial/TextKitTutorialBridgingHeader.h;
			};
			name = Release;
		};
		4C0054AD1CC175C500F2AB59 /* Debug */ = {
			isa = XCBuildConfiguration;
			buildSettings = {
				BUNDLE_LOADER = "$(TEST_HOST)";
				INFOPLIST_FILE = TextKitTutorialTests/Info.plist;
				LD_RUNPATH_SEARCH_PATHS = "$(inherited) @executable_path/Frameworks @loader_path/Frameworks";
				PRODUCT_BUNDLE_IDENTIFIER = WeddingWire.TextKitTutorialTests;
				PRODUCT_NAME = "$(TARGET_NAME)";
				TEST_HOST = "$(BUILT_PRODUCTS_DIR)/TextKitTutorial.app/TextKitTutorial";
			};
			name = Debug;
		};
		4C0054AE1CC175C500F2AB59 /* Release */ = {
			isa = XCBuildConfiguration;
			buildSettings = {
				BUNDLE_LOADER = "$(TEST_HOST)";
				INFOPLIST_FILE = TextKitTutorialTests/Info.plist;
				LD_RUNPATH_SEARCH_PATHS = "$(inherited) @executable_path/Frameworks @loader_path/Frameworks";
				PRODUCT_BUNDLE_IDENTIFIER = WeddingWire.TextKitTutorialTests;
				PRODUCT_NAME = "$(TARGET_NAME)";
				TEST_HOST = "$(BUILT_PRODUCTS_DIR)/TextKitTutorial.app/TextKitTutorial";
			};
			name = Release;
		};
		4C0054B01CC175C500F2AB59 /* Debug */ = {
			isa = XCBuildConfiguration;
			buildSettings = {
				INFOPLIST_FILE = TextKitTutorialUITests/Info.plist;
				LD_RUNPATH_SEARCH_PATHS = "$(inherited) @executable_path/Frameworks @loader_path/Frameworks";
				PRODUCT_BUNDLE_IDENTIFIER = WeddingWire.TextKitTutorialUITests;
				PRODUCT_NAME = "$(TARGET_NAME)";
				TEST_TARGET_NAME = TextKitTutorial;
			};
			name = Debug;
		};
		4C0054B11CC175C500F2AB59 /* Release */ = {
			isa = XCBuildConfiguration;
			buildSettings = {
				INFOPLIST_FILE = TextKitTutorialUITests/Info.plist;
				LD_RUNPATH_SEARCH_PATHS = "$(inherited) @executable_path/Frameworks @loader_path/Frameworks";
				PRODUCT_BUNDLE_IDENTIFIER = WeddingWire.TextKitTutorialUITests;
				PRODUCT_NAME = "$(TARGET_NAME)";
				TEST_TARGET_NAME = TextKitTutorial;
			};
			name = Release;
		};
/* End XCBuildConfiguration section */

/* Begin XCConfigurationList section */
		4C00547C1CC175C500F2AB59 /* Build configuration list for PBXProject "TextKitTutorial" */ = {
			isa = XCConfigurationList;
			buildConfigurations = (
				4C0054A71CC175C500F2AB59 /* Debug */,
				4C0054A81CC175C500F2AB59 /* Release */,
			);
			defaultConfigurationIsVisible = 0;
			defaultConfigurationName = Release;
		};
		4C0054A91CC175C500F2AB59 /* Build configuration list for PBXNativeTarget "TextKitTutorial" */ = {
			isa = XCConfigurationList;
			buildConfigurations = (
				4C0054AA1CC175C500F2AB59 /* Debug */,
				4C0054AB1CC175C500F2AB59 /* Release */,
			);
			defaultConfigurationIsVisible = 0;
			defaultConfigurationName = Release;
		};
		4C0054AC1CC175C500F2AB59 /* Build configuration list for PBXNativeTarget "TextKitTutorialTests" */ = {
			isa = XCConfigurationList;
			buildConfigurations = (
				4C0054AD1CC175C500F2AB59 /* Debug */,
				4C0054AE1CC175C500F2AB59 /* Release */,
			);
			defaultConfigurationIsVisible = 0;
			defaultConfigurationName = Release;
		};
		4C0054AF1CC175C500F2AB59 /* Build configuration list for PBXNativeTarget "TextKitTutorialUITests" */ = {
			isa = XCConfigurationList;
			buildConfigurations = (
				4C0054B01CC175C500F2AB59 /* Debug */,
				4C0054B11CC175C500F2AB59 /* Release */,
			);
			defaultConfigurationIsVisible = 0;
			defaultConfigurationName = Release;
		};
/* End XCConfigurationList section */
	};
	rootObject = 4C0054791CC175C500F2AB59 /* Project object */;
}
