// !$*UTF8*$!
{
	archiveVersion = 1;
	classes = {
	};
	objectVersion = 46;
	objects = {

/* Begin PBXBuildFile section */
		4C00AF151CEF6258009FF208 /* ForumsTopicsConfigurator.swift in Sources */ = {isa = PBXBuildFile; fileRef = 4C00AF141CEF6258009FF208 /* ForumsTopicsConfigurator.swift */; };
		4C00AF1D1CEF9571009FF208 /* ForumsTopicsRouter.swift in Sources */ = {isa = PBXBuildFile; fileRef = 4C00AF1C1CEF9571009FF208 /* ForumsTopicsRouter.swift */; };
		4C00AF1F1CEF9584009FF208 /* ForumsTopicsViewController.swift in Sources */ = {isa = PBXBuildFile; fileRef = 4C00AF1E1CEF9584009FF208 /* ForumsTopicsViewController.swift */; };
		4C87C21E1CEBA5100021C157 /* AppDelegate.swift in Sources */ = {isa = PBXBuildFile; fileRef = 4C87C21D1CEBA5100021C157 /* AppDelegate.swift */; };
		4C87C2201CEBA5100021C157 /* ViewController.swift in Sources */ = {isa = PBXBuildFile; fileRef = 4C87C21F1CEBA5100021C157 /* ViewController.swift */; };
		4C87C2231CEBA5100021C157 /* Main.storyboard in Resources */ = {isa = PBXBuildFile; fileRef = 4C87C2211CEBA5100021C157 /* Main.storyboard */; };
		4C87C2251CEBA5100021C157 /* Assets.xcassets in Resources */ = {isa = PBXBuildFile; fileRef = 4C87C2241CEBA5100021C157 /* Assets.xcassets */; };
		4C87C2281CEBA5100021C157 /* LaunchScreen.storyboard in Resources */ = {isa = PBXBuildFile; fileRef = 4C87C2261CEBA5100021C157 /* LaunchScreen.storyboard */; };
		4C87C2331CEBA5110021C157 /* WWForumsTests.swift in Sources */ = {isa = PBXBuildFile; fileRef = 4C87C2321CEBA5110021C157 /* WWForumsTests.swift */; };
		4C87C2401CEBA8710021C157 /* ForumsTopicsPresenter.swift in Sources */ = {isa = PBXBuildFile; fileRef = 4C87C23F1CEBA8710021C157 /* ForumsTopicsPresenter.swift */; };
		4C87C2421CEBA8810021C157 /* ForumsTopicModelView.swift in Sources */ = {isa = PBXBuildFile; fileRef = 4C87C2411CEBA8810021C157 /* ForumsTopicModelView.swift */; };
		4C87C2441CEBB5A60021C157 /* ForumTopicsInteractor.swift in Sources */ = {isa = PBXBuildFile; fileRef = 4C87C2431CEBB5A60021C157 /* ForumTopicsInteractor.swift */; };
		4CAD0F7D1CF0B0AE0063272D /* ForumsCategoriesViewController.swift in Sources */ = {isa = PBXBuildFile; fileRef = 4CAD0F7C1CF0B0AE0063272D /* ForumsCategoriesViewController.swift */; };
		4CAD0F7F1CF0B0BE0063272D /* ForumsCategoriesRouter.swift in Sources */ = {isa = PBXBuildFile; fileRef = 4CAD0F7E1CF0B0BE0063272D /* ForumsCategoriesRouter.swift */; };
		4CAD0F811CF0B0CC0063272D /* ForumsCategoriesInteractor.swift in Sources */ = {isa = PBXBuildFile; fileRef = 4CAD0F801CF0B0CC0063272D /* ForumsCategoriesInteractor.swift */; };
		4CAD0F831CF0B0DA0063272D /* ForumsCategoriesPresenter.swift in Sources */ = {isa = PBXBuildFile; fileRef = 4CAD0F821CF0B0DA0063272D /* ForumsCategoriesPresenter.swift */; };
		4CAD0F851CF0B0E60063272D /* ForumsCategoriesConfigurator.swift in Sources */ = {isa = PBXBuildFile; fileRef = 4CAD0F841CF0B0E60063272D /* ForumsCategoriesConfigurator.swift */; };
		B118CB01BDA65549F87DA41F /* Pods_WWForumsTests.framework in Frameworks */ = {isa = PBXBuildFile; fileRef = A3CA626261429A8406A5BA6E /* Pods_WWForumsTests.framework */; };
		F281443A3E0A22DEFBB80855 /* Pods_WWForums.framework in Frameworks */ = {isa = PBXBuildFile; fileRef = 87B669679B224CD37CCD46D9 /* Pods_WWForums.framework */; };
/* End PBXBuildFile section */

/* Begin PBXContainerItemProxy section */
		4C87C22F1CEBA5110021C157 /* PBXContainerItemProxy */ = {
			isa = PBXContainerItemProxy;
			containerPortal = 4C87C2121CEBA5100021C157 /* Project object */;
			proxyType = 1;
			remoteGlobalIDString = 4C87C2191CEBA5100021C157;
			remoteInfo = WWForums;
		};
/* End PBXContainerItemProxy section */

/* Begin PBXFileReference section */
		0A7BE36A960E060D70A4FFD8 /* Pods-WWForums.release.xcconfig */ = {isa = PBXFileReference; includeInIndex = 1; lastKnownFileType = text.xcconfig; name = "Pods-WWForums.release.xcconfig"; path = "Pods/Target Support Files/Pods-WWForums/Pods-WWForums.release.xcconfig"; sourceTree = "<group>"; };
		4C00AF141CEF6258009FF208 /* ForumsTopicsConfigurator.swift */ = {isa = PBXFileReference; fileEncoding = 4; lastKnownFileType = sourcecode.swift; path = ForumsTopicsConfigurator.swift; sourceTree = "<group>"; };
		4C00AF1C1CEF9571009FF208 /* ForumsTopicsRouter.swift */ = {isa = PBXFileReference; fileEncoding = 4; lastKnownFileType = sourcecode.swift; path = ForumsTopicsRouter.swift; sourceTree = "<group>"; };
		4C00AF1E1CEF9584009FF208 /* ForumsTopicsViewController.swift */ = {isa = PBXFileReference; fileEncoding = 4; lastKnownFileType = sourcecode.swift; path = ForumsTopicsViewController.swift; sourceTree = "<group>"; };
		4C87C21A1CEBA5100021C157 /* WWForums.app */ = {isa = PBXFileReference; explicitFileType = wrapper.application; includeInIndex = 0; path = WWForums.app; sourceTree = BUILT_PRODUCTS_DIR; };
		4C87C21D1CEBA5100021C157 /* AppDelegate.swift */ = {isa = PBXFileReference; lastKnownFileType = sourcecode.swift; path = AppDelegate.swift; sourceTree = "<group>"; };
		4C87C21F1CEBA5100021C157 /* ViewController.swift */ = {isa = PBXFileReference; lastKnownFileType = sourcecode.swift; path = ViewController.swift; sourceTree = "<group>"; };
		4C87C2221CEBA5100021C157 /* Base */ = {isa = PBXFileReference; lastKnownFileType = file.storyboard; name = Base; path = Base.lproj/Main.storyboard; sourceTree = "<group>"; };
		4C87C2241CEBA5100021C157 /* Assets.xcassets */ = {isa = PBXFileReference; lastKnownFileType = folder.assetcatalog; path = Assets.xcassets; sourceTree = "<group>"; };
		4C87C2271CEBA5100021C157 /* Base */ = {isa = PBXFileReference; lastKnownFileType = file.storyboard; name = Base; path = Base.lproj/LaunchScreen.storyboard; sourceTree = "<group>"; };
		4C87C2291CEBA5100021C157 /* Info.plist */ = {isa = PBXFileReference; lastKnownFileType = text.plist.xml; path = Info.plist; sourceTree = "<group>"; };
		4C87C22E1CEBA5110021C157 /* WWForumsTests.xctest */ = {isa = PBXFileReference; explicitFileType = wrapper.cfbundle; includeInIndex = 0; path = WWForumsTests.xctest; sourceTree = BUILT_PRODUCTS_DIR; };
		4C87C2321CEBA5110021C157 /* WWForumsTests.swift */ = {isa = PBXFileReference; lastKnownFileType = sourcecode.swift; path = WWForumsTests.swift; sourceTree = "<group>"; };
		4C87C2341CEBA5110021C157 /* Info.plist */ = {isa = PBXFileReference; lastKnownFileType = text.plist.xml; path = Info.plist; sourceTree = "<group>"; };
		4C87C23F1CEBA8710021C157 /* ForumsTopicsPresenter.swift */ = {isa = PBXFileReference; fileEncoding = 4; lastKnownFileType = sourcecode.swift; path = ForumsTopicsPresenter.swift; sourceTree = "<group>"; };
		4C87C2411CEBA8810021C157 /* ForumsTopicModelView.swift */ = {isa = PBXFileReference; fileEncoding = 4; lastKnownFileType = sourcecode.swift; path = ForumsTopicModelView.swift; sourceTree = "<group>"; };
		4C87C2431CEBB5A60021C157 /* ForumTopicsInteractor.swift */ = {isa = PBXFileReference; fileEncoding = 4; lastKnownFileType = sourcecode.swift; path = ForumTopicsInteractor.swift; sourceTree = "<group>"; };
		4CAD0F7C1CF0B0AE0063272D /* ForumsCategoriesViewController.swift */ = {isa = PBXFileReference; fileEncoding = 4; lastKnownFileType = sourcecode.swift; path = ForumsCategoriesViewController.swift; sourceTree = "<group>"; };
		4CAD0F7E1CF0B0BE0063272D /* ForumsCategoriesRouter.swift */ = {isa = PBXFileReference; fileEncoding = 4; lastKnownFileType = sourcecode.swift; path = ForumsCategoriesRouter.swift; sourceTree = "<group>"; };
		4CAD0F801CF0B0CC0063272D /* ForumsCategoriesInteractor.swift */ = {isa = PBXFileReference; fileEncoding = 4; lastKnownFileType = sourcecode.swift; path = ForumsCategoriesInteractor.swift; sourceTree = "<group>"; };
		4CAD0F821CF0B0DA0063272D /* ForumsCategoriesPresenter.swift */ = {isa = PBXFileReference; fileEncoding = 4; lastKnownFileType = sourcecode.swift; path = ForumsCategoriesPresenter.swift; sourceTree = "<group>"; };
		4CAD0F841CF0B0E60063272D /* ForumsCategoriesConfigurator.swift */ = {isa = PBXFileReference; fileEncoding = 4; lastKnownFileType = sourcecode.swift; path = ForumsCategoriesConfigurator.swift; sourceTree = "<group>"; };
		5A0E413DD885AA5E9B3A4C99 /* Pods-WWForumsTests.release.xcconfig */ = {isa = PBXFileReference; includeInIndex = 1; lastKnownFileType = text.xcconfig; name = "Pods-WWForumsTests.release.xcconfig"; path = "Pods/Target Support Files/Pods-WWForumsTests/Pods-WWForumsTests.release.xcconfig"; sourceTree = "<group>"; };
		852C2BFF419700B2008E3238 /* Pods-WWForumsTests.debug.xcconfig */ = {isa = PBXFileReference; includeInIndex = 1; lastKnownFileType = text.xcconfig; name = "Pods-WWForumsTests.debug.xcconfig"; path = "Pods/Target Support Files/Pods-WWForumsTests/Pods-WWForumsTests.debug.xcconfig"; sourceTree = "<group>"; };
		87B669679B224CD37CCD46D9 /* Pods_WWForums.framework */ = {isa = PBXFileReference; explicitFileType = wrapper.framework; includeInIndex = 0; path = Pods_WWForums.framework; sourceTree = BUILT_PRODUCTS_DIR; };
		A3CA626261429A8406A5BA6E /* Pods_WWForumsTests.framework */ = {isa = PBXFileReference; explicitFileType = wrapper.framework; includeInIndex = 0; path = Pods_WWForumsTests.framework; sourceTree = BUILT_PRODUCTS_DIR; };
		F08EE1906255BD2982E6F62D /* Pods-WWForums.debug.xcconfig */ = {isa = PBXFileReference; includeInIndex = 1; lastKnownFileType = text.xcconfig; name = "Pods-WWForums.debug.xcconfig"; path = "Pods/Target Support Files/Pods-WWForums/Pods-WWForums.debug.xcconfig"; sourceTree = "<group>"; };
/* End PBXFileReference section */

/* Begin PBXFrameworksBuildPhase section */
		4C87C2171CEBA5100021C157 /* Frameworks */ = {
			isa = PBXFrameworksBuildPhase;
			buildActionMask = 2147483647;
			files = (
				F281443A3E0A22DEFBB80855 /* Pods_WWForums.framework in Frameworks */,
			);
			runOnlyForDeploymentPostprocessing = 0;
		};
		4C87C22B1CEBA5110021C157 /* Frameworks */ = {
			isa = PBXFrameworksBuildPhase;
			buildActionMask = 2147483647;
			files = (
				B118CB01BDA65549F87DA41F /* Pods_WWForumsTests.framework in Frameworks */,
			);
			runOnlyForDeploymentPostprocessing = 0;
		};
/* End PBXFrameworksBuildPhase section */

/* Begin PBXGroup section */
		3522732F0B82ED213791AD3A /* Frameworks */ = {
			isa = PBXGroup;
			children = (
				87B669679B224CD37CCD46D9 /* Pods_WWForums.framework */,
				A3CA626261429A8406A5BA6E /* Pods_WWForumsTests.framework */,
			);
			name = Frameworks;
			sourceTree = "<group>";
		};
		4C00AF131CEF623B009FF208 /* Configurator */ = {
			isa = PBXGroup;
			children = (
				4C00AF141CEF6258009FF208 /* ForumsTopicsConfigurator.swift */,
			);
			name = Configurator;
			sourceTree = "<group>";
		};
		4C00AF161CEF6473009FF208 /* Presenter */ = {
			isa = PBXGroup;
			children = (
				4C87C23F1CEBA8710021C157 /* ForumsTopicsPresenter.swift */,
			);
			name = Presenter;
			sourceTree = "<group>";
		};
		4C00AF171CEF6480009FF208 /* Interactor */ = {
			isa = PBXGroup;
			children = (
				4C87C2431CEBB5A60021C157 /* ForumTopicsInteractor.swift */,
			);
			name = Interactor;
			sourceTree = "<group>";
		};
		4C00AF181CEF6486009FF208 /* Router */ = {
			isa = PBXGroup;
			children = (
				4C00AF1C1CEF9571009FF208 /* ForumsTopicsRouter.swift */,
			);
			name = Router;
			sourceTree = "<group>";
		};
		4C00AF191CEF6494009FF208 /* Views */ = {
			isa = PBXGroup;
			children = (
			);
			name = Views;
			sourceTree = "<group>";
		};
		4C00AF1A1CEF649B009FF208 /* Models */ = {
			isa = PBXGroup;
			children = (
				4C87C2411CEBA8810021C157 /* ForumsTopicModelView.swift */,
			);
			name = Models;
			sourceTree = "<group>";
		};
		4C00AF1B1CEF64A1009FF208 /* View Controller */ = {
			isa = PBXGroup;
			children = (
				4C00AF1E1CEF9584009FF208 /* ForumsTopicsViewController.swift */,
			);
			name = "View Controller";
			sourceTree = "<group>";
		};
		4C87C2111CEBA5100021C157 = {
			isa = PBXGroup;
			children = (
				4C87C21C1CEBA5100021C157 /* WWForums */,
				4C87C2311CEBA5110021C157 /* WWForumsTests */,
				4C87C21B1CEBA5100021C157 /* Products */,
				D00590F088E205D2FD37A60F /* Pods */,
				3522732F0B82ED213791AD3A /* Frameworks */,
			);
			sourceTree = "<group>";
		};
		4C87C21B1CEBA5100021C157 /* Products */ = {
			isa = PBXGroup;
			children = (
				4C87C21A1CEBA5100021C157 /* WWForums.app */,
				4C87C22E1CEBA5110021C157 /* WWForumsTests.xctest */,
			);
			name = Products;
			sourceTree = "<group>";
		};
		4C87C21C1CEBA5100021C157 /* WWForums */ = {
			isa = PBXGroup;
			children = (
				4C87C23D1CEBA8280021C157 /* Forums */,
				4C87C21D1CEBA5100021C157 /* AppDelegate.swift */,
				4C87C21F1CEBA5100021C157 /* ViewController.swift */,
				4C87C2211CEBA5100021C157 /* Main.storyboard */,
				4C87C2241CEBA5100021C157 /* Assets.xcassets */,
				4C87C2261CEBA5100021C157 /* LaunchScreen.storyboard */,
				4C87C2291CEBA5100021C157 /* Info.plist */,
			);
			path = WWForums;
			sourceTree = "<group>";
		};
		4C87C2311CEBA5110021C157 /* WWForumsTests */ = {
			isa = PBXGroup;
			children = (
				4C87C2321CEBA5110021C157 /* WWForumsTests.swift */,
				4C87C2341CEBA5110021C157 /* Info.plist */,
			);
			path = WWForumsTests;
			sourceTree = "<group>";
		};
		4C87C23D1CEBA8280021C157 /* Forums */ = {
			isa = PBXGroup;
			children = (
				4CAD0F761CF0B0580063272D /* List Categories Page */,
				4C87C23E1CEBA83E0021C157 /* Topics Page */,
			);
			name = Forums;
			path = ..;
			sourceTree = "<group>";
		};
		4C87C23E1CEBA83E0021C157 /* Topics Page */ = {
			isa = PBXGroup;
			children = (
				4C00AF1B1CEF64A1009FF208 /* View Controller */,
				4C00AF1A1CEF649B009FF208 /* Models */,
				4C00AF191CEF6494009FF208 /* Views */,
				4C00AF181CEF6486009FF208 /* Router */,
				4C00AF171CEF6480009FF208 /* Interactor */,
				4C00AF161CEF6473009FF208 /* Presenter */,
				4C00AF131CEF623B009FF208 /* Configurator */,
			);
			name = "Topics Page";
			sourceTree = "<group>";
		};
		4CAD0F761CF0B0580063272D /* List Categories Page */ = {
			isa = PBXGroup;
			children = (
				4CAD0F7B1CF0B0890063272D /* Configurator */,
				4CAD0F7A1CF0B0830063272D /* Presenter */,
				4CAD0F791CF0B07E0063272D /* Interactor */,
				4CAD0F781CF0B0780063272D /* Router */,
				4CAD0F771CF0B06D0063272D /* View Controller */,
			);
			name = "List Categories Page";
			sourceTree = "<group>";
		};
		4CAD0F771CF0B06D0063272D /* View Controller */ = {
			isa = PBXGroup;
			children = (
				4CAD0F7C1CF0B0AE0063272D /* ForumsCategoriesViewController.swift */,
			);
			name = "View Controller";
			sourceTree = "<group>";
		};
		4CAD0F781CF0B0780063272D /* Router */ = {
			isa = PBXGroup;
			children = (
				4CAD0F7E1CF0B0BE0063272D /* ForumsCategoriesRouter.swift */,
			);
			name = Router;
			sourceTree = "<group>";
		};
		4CAD0F791CF0B07E0063272D /* Interactor */ = {
			isa = PBXGroup;
			children = (
				4CAD0F801CF0B0CC0063272D /* ForumsCategoriesInteractor.swift */,
			);
			name = Interactor;
			sourceTree = "<group>";
		};
		4CAD0F7A1CF0B0830063272D /* Presenter */ = {
			isa = PBXGroup;
			children = (
				4CAD0F821CF0B0DA0063272D /* ForumsCategoriesPresenter.swift */,
			);
			name = Presenter;
			sourceTree = "<group>";
		};
		4CAD0F7B1CF0B0890063272D /* Configurator */ = {
			isa = PBXGroup;
			children = (
				4CAD0F841CF0B0E60063272D /* ForumsCategoriesConfigurator.swift */,
			);
			name = Configurator;
			sourceTree = "<group>";
		};
		D00590F088E205D2FD37A60F /* Pods */ = {
			isa = PBXGroup;
			children = (
				F08EE1906255BD2982E6F62D /* Pods-WWForums.debug.xcconfig */,
				0A7BE36A960E060D70A4FFD8 /* Pods-WWForums.release.xcconfig */,
				852C2BFF419700B2008E3238 /* Pods-WWForumsTests.debug.xcconfig */,
				5A0E413DD885AA5E9B3A4C99 /* Pods-WWForumsTests.release.xcconfig */,
			);
			name = Pods;
			sourceTree = "<group>";
		};
/* End PBXGroup section */

/* Begin PBXNativeTarget section */
		4C87C2191CEBA5100021C157 /* WWForums */ = {
			isa = PBXNativeTarget;
			buildConfigurationList = 4C87C2371CEBA5110021C157 /* Build configuration list for PBXNativeTarget "WWForums" */;
			buildPhases = (
				D11FE707FDC90B7572FCFEB1 /* Check Pods Manifest.lock */,
				4C87C2161CEBA5100021C157 /* Sources */,
				4C87C2171CEBA5100021C157 /* Frameworks */,
				4C87C2181CEBA5100021C157 /* Resources */,
				3B4FDE850526A47FF4DC97EF /* Embed Pods Frameworks */,
				5353A3709C4673467C8A39F1 /* Copy Pods Resources */,
			);
			buildRules = (
			);
			dependencies = (
			);
			name = WWForums;
			productName = WWForums;
			productReference = 4C87C21A1CEBA5100021C157 /* WWForums.app */;
			productType = "com.apple.product-type.application";
		};
		4C87C22D1CEBA5110021C157 /* WWForumsTests */ = {
			isa = PBXNativeTarget;
			buildConfigurationList = 4C87C23A1CEBA5110021C157 /* Build configuration list for PBXNativeTarget "WWForumsTests" */;
			buildPhases = (
				1E79E60A384B7D8F9704F37C /* Check Pods Manifest.lock */,
				4C87C22A1CEBA5110021C157 /* Sources */,
				4C87C22B1CEBA5110021C157 /* Frameworks */,
				4C87C22C1CEBA5110021C157 /* Resources */,
				D749C78D36E43FC0572991CB /* Embed Pods Frameworks */,
				77BAA23397CB1C77D2EDBABD /* Copy Pods Resources */,
			);
			buildRules = (
			);
			dependencies = (
				4C87C2301CEBA5110021C157 /* PBXTargetDependency */,
			);
			name = WWForumsTests;
			productName = WWForumsTests;
			productReference = 4C87C22E1CEBA5110021C157 /* WWForumsTests.xctest */;
			productType = "com.apple.product-type.bundle.unit-test";
		};
/* End PBXNativeTarget section */

/* Begin PBXProject section */
		4C87C2121CEBA5100021C157 /* Project object */ = {
			isa = PBXProject;
			attributes = {
				LastSwiftUpdateCheck = 0730;
				LastUpgradeCheck = 0730;
				ORGANIZATIONNAME = WeddingWire;
				TargetAttributes = {
					4C87C2191CEBA5100021C157 = {
						CreatedOnToolsVersion = 7.3;
					};
					4C87C22D1CEBA5110021C157 = {
						CreatedOnToolsVersion = 7.3;
						TestTargetID = 4C87C2191CEBA5100021C157;
					};
				};
			};
			buildConfigurationList = 4C87C2151CEBA5100021C157 /* Build configuration list for PBXProject "WWForums" */;
			compatibilityVersion = "Xcode 3.2";
			developmentRegion = English;
			hasScannedForEncodings = 0;
			knownRegions = (
				en,
				Base,
			);
			mainGroup = 4C87C2111CEBA5100021C157;
			productRefGroup = 4C87C21B1CEBA5100021C157 /* Products */;
			projectDirPath = "";
			projectRoot = "";
			targets = (
				4C87C2191CEBA5100021C157 /* WWForums */,
				4C87C22D1CEBA5110021C157 /* WWForumsTests */,
			);
		};
/* End PBXProject section */

/* Begin PBXResourcesBuildPhase section */
		4C87C2181CEBA5100021C157 /* Resources */ = {
			isa = PBXResourcesBuildPhase;
			buildActionMask = 2147483647;
			files = (
				4C87C2281CEBA5100021C157 /* LaunchScreen.storyboard in Resources */,
				4C87C2251CEBA5100021C157 /* Assets.xcassets in Resources */,
				4C87C2231CEBA5100021C157 /* Main.storyboard in Resources */,
			);
			runOnlyForDeploymentPostprocessing = 0;
		};
		4C87C22C1CEBA5110021C157 /* Resources */ = {
			isa = PBXResourcesBuildPhase;
			buildActionMask = 2147483647;
			files = (
			);
			runOnlyForDeploymentPostprocessing = 0;
		};
/* End PBXResourcesBuildPhase section */

/* Begin PBXShellScriptBuildPhase section */
		1E79E60A384B7D8F9704F37C /* Check Pods Manifest.lock */ = {
			isa = PBXShellScriptBuildPhase;
			buildActionMask = 2147483647;
			files = (
			);
			inputPaths = (
			);
			name = "Check Pods Manifest.lock";
			outputPaths = (
			);
			runOnlyForDeploymentPostprocessing = 0;
			shellPath = /bin/sh;
			shellScript = "diff \"${PODS_ROOT}/../Podfile.lock\" \"${PODS_ROOT}/Manifest.lock\" > /dev/null\nif [[ $? != 0 ]] ; then\n    cat << EOM\nerror: The sandbox is not in sync with the Podfile.lock. Run 'pod install' or update your CocoaPods installation.\nEOM\n    exit 1\nfi\n";
			showEnvVarsInLog = 0;
		};
		3B4FDE850526A47FF4DC97EF /* Embed Pods Frameworks */ = {
			isa = PBXShellScriptBuildPhase;
			buildActionMask = 2147483647;
			files = (
			);
			inputPaths = (
			);
			name = "Embed Pods Frameworks";
			outputPaths = (
			);
			runOnlyForDeploymentPostprocessing = 0;
			shellPath = /bin/sh;
			shellScript = "\"${SRCROOT}/Pods/Target Support Files/Pods-WWForums/Pods-WWForums-frameworks.sh\"\n";
			showEnvVarsInLog = 0;
		};
		5353A3709C4673467C8A39F1 /* Copy Pods Resources */ = {
			isa = PBXShellScriptBuildPhase;
			buildActionMask = 2147483647;
			files = (
			);
			inputPaths = (
			);
			name = "Copy Pods Resources";
			outputPaths = (
			);
			runOnlyForDeploymentPostprocessing = 0;
			shellPath = /bin/sh;
			shellScript = "\"${SRCROOT}/Pods/Target Support Files/Pods-WWForums/Pods-WWForums-resources.sh\"\n";
			showEnvVarsInLog = 0;
		};
		77BAA23397CB1C77D2EDBABD /* Copy Pods Resources */ = {
			isa = PBXShellScriptBuildPhase;
			buildActionMask = 2147483647;
			files = (
			);
			inputPaths = (
			);
			name = "Copy Pods Resources";
			outputPaths = (
			);
			runOnlyForDeploymentPostprocessing = 0;
			shellPath = /bin/sh;
			shellScript = "\"${SRCROOT}/Pods/Target Support Files/Pods-WWForumsTests/Pods-WWForumsTests-resources.sh\"\n";
			showEnvVarsInLog = 0;
		};
		D11FE707FDC90B7572FCFEB1 /* Check Pods Manifest.lock */ = {
			isa = PBXShellScriptBuildPhase;
			buildActionMask = 2147483647;
			files = (
			);
			inputPaths = (
			);
			name = "Check Pods Manifest.lock";
			outputPaths = (
			);
			runOnlyForDeploymentPostprocessing = 0;
			shellPath = /bin/sh;
			shellScript = "diff \"${PODS_ROOT}/../Podfile.lock\" \"${PODS_ROOT}/Manifest.lock\" > /dev/null\nif [[ $? != 0 ]] ; then\n    cat << EOM\nerror: The sandbox is not in sync with the Podfile.lock. Run 'pod install' or update your CocoaPods installation.\nEOM\n    exit 1\nfi\n";
			showEnvVarsInLog = 0;
		};
		D749C78D36E43FC0572991CB /* Embed Pods Frameworks */ = {
			isa = PBXShellScriptBuildPhase;
			buildActionMask = 2147483647;
			files = (
			);
			inputPaths = (
			);
			name = "Embed Pods Frameworks";
			outputPaths = (
			);
			runOnlyForDeploymentPostprocessing = 0;
			shellPath = /bin/sh;
			shellScript = "\"${SRCROOT}/Pods/Target Support Files/Pods-WWForumsTests/Pods-WWForumsTests-frameworks.sh\"\n";
			showEnvVarsInLog = 0;
		};
/* End PBXShellScriptBuildPhase section */

/* Begin PBXSourcesBuildPhase section */
		4C87C2161CEBA5100021C157 /* Sources */ = {
			isa = PBXSourcesBuildPhase;
			buildActionMask = 2147483647;
			files = (
				4C00AF1F1CEF9584009FF208 /* ForumsTopicsViewController.swift in Sources */,
				4CAD0F851CF0B0E60063272D /* ForumsCategoriesConfigurator.swift in Sources */,
				4C87C2421CEBA8810021C157 /* ForumsTopicModelView.swift in Sources */,
				4CAD0F811CF0B0CC0063272D /* ForumsCategoriesInteractor.swift in Sources */,
				4C87C2401CEBA8710021C157 /* ForumsTopicsPresenter.swift in Sources */,
				4CAD0F831CF0B0DA0063272D /* ForumsCategoriesPresenter.swift in Sources */,
				4C87C2201CEBA5100021C157 /* ViewController.swift in Sources */,
				4CAD0F7D1CF0B0AE0063272D /* ForumsCategoriesViewController.swift in Sources */,
				4C00AF1D1CEF9571009FF208 /* ForumsTopicsRouter.swift in Sources */,
				4C87C2441CEBB5A60021C157 /* ForumTopicsInteractor.swift in Sources */,
				4C00AF151CEF6258009FF208 /* ForumsTopicsConfigurator.swift in Sources */,
				4CAD0F7F1CF0B0BE0063272D /* ForumsCategoriesRouter.swift in Sources */,
				4C87C21E1CEBA5100021C157 /* AppDelegate.swift in Sources */,
			);
			runOnlyForDeploymentPostprocessing = 0;
		};
		4C87C22A1CEBA5110021C157 /* Sources */ = {
			isa = PBXSourcesBuildPhase;
			buildActionMask = 2147483647;
			files = (
				4C87C2331CEBA5110021C157 /* WWForumsTests.swift in Sources */,
			);
			runOnlyForDeploymentPostprocessing = 0;
		};
/* End PBXSourcesBuildPhase section */

/* Begin PBXTargetDependency section */
		4C87C2301CEBA5110021C157 /* PBXTargetDependency */ = {
			isa = PBXTargetDependency;
			target = 4C87C2191CEBA5100021C157 /* WWForums */;
			targetProxy = 4C87C22F1CEBA5110021C157 /* PBXContainerItemProxy */;
		};
/* End PBXTargetDependency section */

/* Begin PBXVariantGroup section */
		4C87C2211CEBA5100021C157 /* Main.storyboard */ = {
			isa = PBXVariantGroup;
			children = (
				4C87C2221CEBA5100021C157 /* Base */,
			);
			name = Main.storyboard;
			sourceTree = "<group>";
		};
		4C87C2261CEBA5100021C157 /* LaunchScreen.storyboard */ = {
			isa = PBXVariantGroup;
			children = (
				4C87C2271CEBA5100021C157 /* Base */,
			);
			name = LaunchScreen.storyboard;
			sourceTree = "<group>";
		};
/* End PBXVariantGroup section */

/* Begin XCBuildConfiguration section */
		4C87C2351CEBA5110021C157 /* Debug */ = {
			isa = XCBuildConfiguration;
			buildSettings = {
				ALWAYS_SEARCH_USER_PATHS = NO;
				CLANG_ANALYZER_NONNULL = YES;
				CLANG_CXX_LANGUAGE_STANDARD = "gnu++0x";
				CLANG_CXX_LIBRARY = "libc++";
				CLANG_ENABLE_MODULES = YES;
				CLANG_ENABLE_OBJC_ARC = YES;
				CLANG_WARN_BOOL_CONVERSION = YES;
				CLANG_WARN_CONSTANT_CONVERSION = YES;
				CLANG_WARN_DIRECT_OBJC_ISA_USAGE = YES_ERROR;
				CLANG_WARN_EMPTY_BODY = YES;
				CLANG_WARN_ENUM_CONVERSION = YES;
				CLANG_WARN_INT_CONVERSION = YES;
				CLANG_WARN_OBJC_ROOT_CLASS = YES_ERROR;
				CLANG_WARN_UNREACHABLE_CODE = YES;
				CLANG_WARN__DUPLICATE_METHOD_MATCH = YES;
				"CODE_SIGN_IDENTITY[sdk=iphoneos*]" = "iPhone Developer";
				COPY_PHASE_STRIP = NO;
				DEBUG_INFORMATION_FORMAT = dwarf;
				ENABLE_STRICT_OBJC_MSGSEND = YES;
				ENABLE_TESTABILITY = YES;
				GCC_C_LANGUAGE_STANDARD = gnu99;
				GCC_DYNAMIC_NO_PIC = NO;
				GCC_NO_COMMON_BLOCKS = YES;
				GCC_OPTIMIZATION_LEVEL = 0;
				GCC_PREPROCESSOR_DEFINITIONS = (
					"DEBUG=1",
					"$(inherited)",
				);
				GCC_WARN_64_TO_32_BIT_CONVERSION = YES;
				GCC_WARN_ABOUT_RETURN_TYPE = YES_ERROR;
				GCC_WARN_UNDECLARED_SELECTOR = YES;
				GCC_WARN_UNINITIALIZED_AUTOS = YES_AGGRESSIVE;
				GCC_WARN_UNUSED_FUNCTION = YES;
				GCC_WARN_UNUSED_VARIABLE = YES;
				IPHONEOS_DEPLOYMENT_TARGET = 9.3;
				MTL_ENABLE_DEBUG_INFO = YES;
				ONLY_ACTIVE_ARCH = YES;
				SDKROOT = iphoneos;
				SWIFT_OPTIMIZATION_LEVEL = "-Onone";
			};
			name = Debug;
		};
		4C87C2361CEBA5110021C157 /* Release */ = {
			isa = XCBuildConfiguration;
			buildSettings = {
				ALWAYS_SEARCH_USER_PATHS = NO;
				CLANG_ANALYZER_NONNULL = YES;
				CLANG_CXX_LANGUAGE_STANDARD = "gnu++0x";
				CLANG_CXX_LIBRARY = "libc++";
				CLANG_ENABLE_MODULES = YES;
				CLANG_ENABLE_OBJC_ARC = YES;
				CLANG_WARN_BOOL_CONVERSION = YES;
				CLANG_WARN_CONSTANT_CONVERSION = YES;
				CLANG_WARN_DIRECT_OBJC_ISA_USAGE = YES_ERROR;
				CLANG_WARN_EMPTY_BODY = YES;
				CLANG_WARN_ENUM_CONVERSION = YES;
				CLANG_WARN_INT_CONVERSION = YES;
				CLANG_WARN_OBJC_ROOT_CLASS = YES_ERROR;
				CLANG_WARN_UNREACHABLE_CODE = YES;
				CLANG_WARN__DUPLICATE_METHOD_MATCH = YES;
				"CODE_SIGN_IDENTITY[sdk=iphoneos*]" = "iPhone Developer";
				COPY_PHASE_STRIP = NO;
				DEBUG_INFORMATION_FORMAT = "dwarf-with-dsym";
				ENABLE_NS_ASSERTIONS = NO;
				ENABLE_STRICT_OBJC_MSGSEND = YES;
				GCC_C_LANGUAGE_STANDARD = gnu99;
				GCC_NO_COMMON_BLOCKS = YES;
				GCC_WARN_64_TO_32_BIT_CONVERSION = YES;
				GCC_WARN_ABOUT_RETURN_TYPE = YES_ERROR;
				GCC_WARN_UNDECLARED_SELECTOR = YES;
				GCC_WARN_UNINITIALIZED_AUTOS = YES_AGGRESSIVE;
				GCC_WARN_UNUSED_FUNCTION = YES;
				GCC_WARN_UNUSED_VARIABLE = YES;
				IPHONEOS_DEPLOYMENT_TARGET = 9.3;
				MTL_ENABLE_DEBUG_INFO = NO;
				SDKROOT = iphoneos;
				VALIDATE_PRODUCT = YES;
			};
			name = Release;
		};
		4C87C2381CEBA5110021C157 /* Debug */ = {
			isa = XCBuildConfiguration;
			baseConfigurationReference = F08EE1906255BD2982E6F62D /* Pods-WWForums.debug.xcconfig */;
			buildSettings = {
				ASSETCATALOG_COMPILER_APPICON_NAME = AppIcon;
				INFOPLIST_FILE = WWForums/Info.plist;
				LD_RUNPATH_SEARCH_PATHS = "$(inherited) @executable_path/Frameworks";
				PRODUCT_BUNDLE_IDENTIFIER = WeddingWire.WWForums;
				PRODUCT_NAME = "$(TARGET_NAME)";
			};
			name = Debug;
		};
		4C87C2391CEBA5110021C157 /* Release */ = {
			isa = XCBuildConfiguration;
			baseConfigurationReference = 0A7BE36A960E060D70A4FFD8 /* Pods-WWForums.release.xcconfig */;
			buildSettings = {
				ASSETCATALOG_COMPILER_APPICON_NAME = AppIcon;
				INFOPLIST_FILE = WWForums/Info.plist;
				LD_RUNPATH_SEARCH_PATHS = "$(inherited) @executable_path/Frameworks";
				PRODUCT_BUNDLE_IDENTIFIER = WeddingWire.WWForums;
				PRODUCT_NAME = "$(TARGET_NAME)";
			};
			name = Release;
		};
		4C87C23B1CEBA5110021C157 /* Debug */ = {
			isa = XCBuildConfiguration;
			baseConfigurationReference = 852C2BFF419700B2008E3238 /* Pods-WWForumsTests.debug.xcconfig */;
			buildSettings = {
				BUNDLE_LOADER = "$(TEST_HOST)";
				INFOPLIST_FILE = WWForumsTests/Info.plist;
				LD_RUNPATH_SEARCH_PATHS = "$(inherited) @executable_path/Frameworks @loader_path/Frameworks";
				PRODUCT_BUNDLE_IDENTIFIER = WeddingWire.WWForumsTests;
				PRODUCT_NAME = "$(TARGET_NAME)";
				TEST_HOST = "$(BUILT_PRODUCTS_DIR)/WWForums.app/WWForums";
			};
			name = Debug;
		};
		4C87C23C1CEBA5110021C157 /* Release */ = {
			isa = XCBuildConfiguration;
			baseConfigurationReference = 5A0E413DD885AA5E9B3A4C99 /* Pods-WWForumsTests.release.xcconfig */;
			buildSettings = {
				BUNDLE_LOADER = "$(TEST_HOST)";
				INFOPLIST_FILE = WWForumsTests/Info.plist;
				LD_RUNPATH_SEARCH_PATHS = "$(inherited) @executable_path/Frameworks @loader_path/Frameworks";
				PRODUCT_BUNDLE_IDENTIFIER = WeddingWire.WWForumsTests;
				PRODUCT_NAME = "$(TARGET_NAME)";
				TEST_HOST = "$(BUILT_PRODUCTS_DIR)/WWForums.app/WWForums";
			};
			name = Release;
		};
/* End XCBuildConfiguration section */

/* Begin XCConfigurationList section */
		4C87C2151CEBA5100021C157 /* Build configuration list for PBXProject "WWForums" */ = {
			isa = XCConfigurationList;
			buildConfigurations = (
				4C87C2351CEBA5110021C157 /* Debug */,
				4C87C2361CEBA5110021C157 /* Release */,
			);
			defaultConfigurationIsVisible = 0;
			defaultConfigurationName = Release;
		};
		4C87C2371CEBA5110021C157 /* Build configuration list for PBXNativeTarget "WWForums" */ = {
			isa = XCConfigurationList;
			buildConfigurations = (
				4C87C2381CEBA5110021C157 /* Debug */,
				4C87C2391CEBA5110021C157 /* Release */,
			);
			defaultConfigurationIsVisible = 0;
			defaultConfigurationName = Release;
		};
		4C87C23A1CEBA5110021C157 /* Build configuration list for PBXNativeTarget "WWForumsTests" */ = {
			isa = XCConfigurationList;
			buildConfigurations = (
				4C87C23B1CEBA5110021C157 /* Debug */,
				4C87C23C1CEBA5110021C157 /* Release */,
			);
			defaultConfigurationIsVisible = 0;
			defaultConfigurationName = Release;
		};
/* End XCConfigurationList section */
	};
	rootObject = 4C87C2121CEBA5100021C157 /* Project object */;
}
